{
  "name": "expression-eval",
  "version": "1.0.1",
  "lockfileVersion": 1,
  "requires": true,
  "dependencies": {
    "jsep": {
      "version": "0.3.2",
      "resolved": "https://registry.npmjs.org/jsep/-/jsep-0.3.2.tgz",
      "integrity": "sha512-b/QP7Apx3EEvFk5/O+bp8BmMP97EypcxqTXWs8nK+Mr9DKhxLX/EWlxERtCZ7mwWIssnOLGCGMoJ08oMiwrjIw=="
    }
  }
}
